// !$*UTF8*$!
{
	archiveVersion = 1;
	classes = {
	};
	objectVersion = 55;
	objects = {

/* Begin PBXBuildFile section */
		C901A92128922B0C001EF90F /* SetEditor.swift in Sources */ = {isa = PBXBuildFile; fileRef = C901A92028922B0C001EF90F /* SetEditor.swift */; };
		C901A9232892BD53001EF90F /* FlashCardsModel.swift in Sources */ = {isa = PBXBuildFile; fileRef = C901A9222892BD53001EF90F /* FlashCardsModel.swift */; };
		C901A9262892BD99001EF90F /* FlashCardsView.swift in Sources */ = {isa = PBXBuildFile; fileRef = C901A9252892BD99001EF90F /* FlashCardsView.swift */; };
		C901A9282892E949001EF90F /* Animations.swift in Sources */ = {isa = PBXBuildFile; fileRef = C901A9272892E949001EF90F /* Animations.swift */; };
		C901A92C2893342F001EF90F /* Authenticator.swift in Sources */ = {isa = PBXBuildFile; fileRef = C901A92B2893342F001EF90F /* Authenticator.swift */; };
		C901A92E2893344D001EF90F /* AuthenticatorManager.swift in Sources */ = {isa = PBXBuildFile; fileRef = C901A92D2893344D001EF90F /* AuthenticatorManager.swift */; };
		C901A93228933480001EF90F /* RealmManager.swift in Sources */ = {isa = PBXBuildFile; fileRef = C901A93128933480001EF90F /* RealmManager.swift */; };
		C919CFA428569F62008135C8 /* Study_RemasteredApp.swift in Sources */ = {isa = PBXBuildFile; fileRef = C919CFA328569F62008135C8 /* Study_RemasteredApp.swift */; };
		C919CFA628569F62008135C8 /* ContentView.swift in Sources */ = {isa = PBXBuildFile; fileRef = C919CFA528569F62008135C8 /* ContentView.swift */; };
		C919CFA828569F63008135C8 /* Assets.xcassets in Resources */ = {isa = PBXBuildFile; fileRef = C919CFA728569F63008135C8 /* Assets.xcassets */; };
		C919CFAB28569F63008135C8 /* Preview Assets.xcassets in Resources */ = {isa = PBXBuildFile; fileRef = C919CFAA28569F63008135C8 /* Preview Assets.xcassets */; };
		C919CFB728569FAA008135C8 /* CalculatorView.swift in Sources */ = {isa = PBXBuildFile; fileRef = C919CFB228569FA9008135C8 /* CalculatorView.swift */; };
		C919CFB828569FAA008135C8 /* CalculatorModel.swift in Sources */ = {isa = PBXBuildFile; fileRef = C919CFB328569FA9008135C8 /* CalculatorModel.swift */; };
		C919CFB928569FAA008135C8 /* CalculatorModelExtension.swift in Sources */ = {isa = PBXBuildFile; fileRef = C919CFB428569FA9008135C8 /* CalculatorModelExtension.swift */; };
		C919CFBA28569FAA008135C8 /* Math Components.swift in Sources */ = {isa = PBXBuildFile; fileRef = C919CFB528569FA9008135C8 /* Math Components.swift */; };
		C919CFBB28569FAA008135C8 /* CalculatorFunctions.swift in Sources */ = {isa = PBXBuildFile; fileRef = C919CFB628569FAA008135C8 /* CalculatorFunctions.swift */; };
		C919CFBE2856A079008135C8 /* CardModel.swift in Sources */ = {isa = PBXBuildFile; fileRef = C919CFBD2856A079008135C8 /* CardModel.swift */; };
		C919CFC02856A1CD008135C8 /* CardView.swift in Sources */ = {isa = PBXBuildFile; fileRef = C919CFBF2856A1CD008135C8 /* CardView.swift */; };
		C919CFC22856A7C4008135C8 /* SetModel.swift in Sources */ = {isa = PBXBuildFile; fileRef = C919CFC12856A7C4008135C8 /* SetModel.swift */; };
		C919CFC42856A847008135C8 /* SetView.swift in Sources */ = {isa = PBXBuildFile; fileRef = C919CFC32856A847008135C8 /* SetView.swift */; };
		C92D21BA286E960000FA586C /* RichTextEditorView.swift in Sources */ = {isa = PBXBuildFile; fileRef = C92D21B9286E95FF00FA586C /* RichTextEditorView.swift */; };
		C92D21BC286F6F1D00FA586C /* CardTextModel.swift in Sources */ = {isa = PBXBuildFile; fileRef = C92D21BB286F6F1D00FA586C /* CardTextModel.swift */; };
		C92EEFF528752F4D00D6A81E /* RichTextEditorViewModel.swift in Sources */ = {isa = PBXBuildFile; fileRef = C92EEFF428752F4D00D6A81E /* RichTextEditorViewModel.swift */; };
		C92F30A02875FAD700A7AA87 /* UIUinversal.swift in Sources */ = {isa = PBXBuildFile; fileRef = C92F309F2875FAD700A7AA87 /* UIUinversal.swift */; };
		C92F30A22876079600A7AA87 /* CardTextView.swift in Sources */ = {isa = PBXBuildFile; fileRef = C92F30A12876079600A7AA87 /* CardTextView.swift */; };
		C92F30A828760CC000A7AA87 /* Color.swift in Sources */ = {isa = PBXBuildFile; fileRef = C92F30A728760CC000A7AA87 /* Color.swift */; };
		C9339B6B28933C300066D6F4 /* UserData.swift in Sources */ = {isa = PBXBuildFile; fileRef = C9339B6A28933C2F0066D6F4 /* UserData.swift */; };
		C9339B70289346D20066D6F4 /* Home.swift in Sources */ = {isa = PBXBuildFile; fileRef = C9339B6F289346D20066D6F4 /* Home.swift */; };
		C9836E4B28A8438B00F00A98 /* RealmObjectWrapper.swift in Sources */ = {isa = PBXBuildFile; fileRef = C9836E4A28A8438B00F00A98 /* RealmObjectWrapper.swift */; };
		C9836E4E28A8690900F00A98 /* Goku.ttf in Resources */ = {isa = PBXBuildFile; fileRef = C92F30A428760A4700A7AA87 /* Goku.ttf */; };
		C9CE53E7285ACB9E0028A2FF /* RichTextEditor.swift in Sources */ = {isa = PBXBuildFile; fileRef = C9CE53E6285ACB9E0028A2FF /* RichTextEditor.swift */; };
		C9CE53E9285ACE8E0028A2FF /* UIKitTextUtilities.swift in Sources */ = {isa = PBXBuildFile; fileRef = C9CE53E8285ACE8E0028A2FF /* UIKitTextUtilities.swift */; };
		C9D209F7289B093A006BF413 /* GoogleService-Info.plist in Resources */ = {isa = PBXBuildFile; fileRef = C9D209F6289B093A006BF413 /* GoogleService-Info.plist */; };
		C9D209F9289E0C6C006BF413 /* Utilities.swift in Sources */ = {isa = PBXBuildFile; fileRef = C9D209F8289E0C6C006BF413 /* Utilities.swift */; };
		C9D209FB289F0E87006BF413 /* Migrator.swift in Sources */ = {isa = PBXBuildFile; fileRef = C9D209FA289F0E87006BF413 /* Migrator.swift */; };
		C9D209FD28A00E61006BF413 /* FileView.swift in Sources */ = {isa = PBXBuildFile; fileRef = C9D209FC28A00E61006BF413 /* FileView.swift */; };
		C9D20A0328A049FF006BF413 /* File.swift in Sources */ = {isa = PBXBuildFile; fileRef = C9D20A0228A049FF006BF413 /* File.swift */; };
		C9D20A0528A04A20006BF413 /* FileURL.swift in Sources */ = {isa = PBXBuildFile; fileRef = C9D20A0428A04A20006BF413 /* FileURL.swift */; };
		C9D20A0728A05119006BF413 /* FileManager.swift in Sources */ = {isa = PBXBuildFile; fileRef = C9D20A0628A05119006BF413 /* FileManager.swift */; };
		C9DBC2B02880C2D50076E5FA /* QuickSetEditor.swift in Sources */ = {isa = PBXBuildFile; fileRef = C9DBC2AF2880C2D50076E5FA /* QuickSetEditor.swift */; };
		C9DBC2B22880C7E50076E5FA /* Study Remastered Model.swift in Sources */ = {isa = PBXBuildFile; fileRef = C9DBC2B12880C7E50076E5FA /* Study Remastered Model.swift */; };
		C9DBC2B52880CA0C0076E5FA /* Study Remastered View.swift in Sources */ = {isa = PBXBuildFile; fileRef = C9DBC2B42880CA0C0076E5FA /* Study Remastered View.swift */; };
		C9DBC2B72881D7DB0076E5FA /* FullSetEditor.swift in Sources */ = {isa = PBXBuildFile; fileRef = C9DBC2B62881D7DA0076E5FA /* FullSetEditor.swift */; };
		C9F3CDAF289873CD00DECECD /* User.swift in Sources */ = {isa = PBXBuildFile; fileRef = C9F3CDAE289873CD00DECECD /* User.swift */; };
		C9F3CDB1289873DA00DECECD /* ProfileView.swift in Sources */ = {isa = PBXBuildFile; fileRef = C9F3CDB0289873DA00DECECD /* ProfileView.swift */; };
		F143EDFC093D42B871018AA5 /* Pods_Study_Remastered.framework in Frameworks */ = {isa = PBXBuildFile; fileRef = CB887DFF3250614B7C5AA2D8 /* Pods_Study_Remastered.framework */; };
/* End PBXBuildFile section */

/* Begin PBXFileReference section */
		00AEBA7499C17B2F773D1C21 /* Pods-Study Remastered.release.xcconfig */ = {isa = PBXFileReference; includeInIndex = 1; lastKnownFileType = text.xcconfig; name = "Pods-Study Remastered.release.xcconfig"; path = "Target Support Files/Pods-Study Remastered/Pods-Study Remastered.release.xcconfig"; sourceTree = "<group>"; };
		93666559A88A8575185CBB5D /* Pods-Study Remastered.debug.xcconfig */ = {isa = PBXFileReference; includeInIndex = 1; lastKnownFileType = text.xcconfig; name = "Pods-Study Remastered.debug.xcconfig"; path = "Target Support Files/Pods-Study Remastered/Pods-Study Remastered.debug.xcconfig"; sourceTree = "<group>"; };
		C901A92028922B0C001EF90F /* SetEditor.swift */ = {isa = PBXFileReference; lastKnownFileType = sourcecode.swift; path = SetEditor.swift; sourceTree = "<group>"; };
		C901A9222892BD53001EF90F /* FlashCardsModel.swift */ = {isa = PBXFileReference; lastKnownFileType = sourcecode.swift; path = FlashCardsModel.swift; sourceTree = "<group>"; };
		C901A9252892BD99001EF90F /* FlashCardsView.swift */ = {isa = PBXFileReference; lastKnownFileType = sourcecode.swift; path = FlashCardsView.swift; sourceTree = "<group>"; };
		C901A9272892E949001EF90F /* Animations.swift */ = {isa = PBXFileReference; lastKnownFileType = sourcecode.swift; path = Animations.swift; sourceTree = "<group>"; };
		C901A92B2893342F001EF90F /* Authenticator.swift */ = {isa = PBXFileReference; lastKnownFileType = sourcecode.swift; path = Authenticator.swift; sourceTree = "<group>"; };
		C901A92D2893344D001EF90F /* AuthenticatorManager.swift */ = {isa = PBXFileReference; lastKnownFileType = sourcecode.swift; path = AuthenticatorManager.swift; sourceTree = "<group>"; };
		C901A93128933480001EF90F /* RealmManager.swift */ = {isa = PBXFileReference; lastKnownFileType = sourcecode.swift; path = RealmManager.swift; sourceTree = "<group>"; };
		C919CFA028569F62008135C8 /* Study Remastered.app */ = {isa = PBXFileReference; explicitFileType = wrapper.application; includeInIndex = 0; path = "Study Remastered.app"; sourceTree = BUILT_PRODUCTS_DIR; };
		C919CFA328569F62008135C8 /* Study_RemasteredApp.swift */ = {isa = PBXFileReference; lastKnownFileType = sourcecode.swift; path = Study_RemasteredApp.swift; sourceTree = "<group>"; };
		C919CFA528569F62008135C8 /* ContentView.swift */ = {isa = PBXFileReference; lastKnownFileType = sourcecode.swift; path = ContentView.swift; sourceTree = "<group>"; };
		C919CFA728569F63008135C8 /* Assets.xcassets */ = {isa = PBXFileReference; lastKnownFileType = folder.assetcatalog; path = Assets.xcassets; sourceTree = "<group>"; };
		C919CFAA28569F63008135C8 /* Preview Assets.xcassets */ = {isa = PBXFileReference; lastKnownFileType = folder.assetcatalog; path = "Preview Assets.xcassets"; sourceTree = "<group>"; };
		C919CFB228569FA9008135C8 /* CalculatorView.swift */ = {isa = PBXFileReference; fileEncoding = 4; lastKnownFileType = sourcecode.swift; path = CalculatorView.swift; sourceTree = "<group>"; };
		C919CFB328569FA9008135C8 /* CalculatorModel.swift */ = {isa = PBXFileReference; fileEncoding = 4; lastKnownFileType = sourcecode.swift; path = CalculatorModel.swift; sourceTree = "<group>"; };
		C919CFB428569FA9008135C8 /* CalculatorModelExtension.swift */ = {isa = PBXFileReference; fileEncoding = 4; lastKnownFileType = sourcecode.swift; path = CalculatorModelExtension.swift; sourceTree = "<group>"; };
		C919CFB528569FA9008135C8 /* Math Components.swift */ = {isa = PBXFileReference; fileEncoding = 4; lastKnownFileType = sourcecode.swift; path = "Math Components.swift"; sourceTree = "<group>"; };
		C919CFB628569FAA008135C8 /* CalculatorFunctions.swift */ = {isa = PBXFileReference; fileEncoding = 4; lastKnownFileType = sourcecode.swift; path = CalculatorFunctions.swift; sourceTree = "<group>"; };
		C919CFBD2856A079008135C8 /* CardModel.swift */ = {isa = PBXFileReference; lastKnownFileType = sourcecode.swift; path = CardModel.swift; sourceTree = "<group>"; };
		C919CFBF2856A1CD008135C8 /* CardView.swift */ = {isa = PBXFileReference; lastKnownFileType = sourcecode.swift; path = CardView.swift; sourceTree = "<group>"; };
		C919CFC12856A7C4008135C8 /* SetModel.swift */ = {isa = PBXFileReference; lastKnownFileType = sourcecode.swift; path = SetModel.swift; sourceTree = "<group>"; };
		C919CFC32856A847008135C8 /* SetView.swift */ = {isa = PBXFileReference; lastKnownFileType = sourcecode.swift; path = SetView.swift; sourceTree = "<group>"; };
		C92D21B9286E95FF00FA586C /* RichTextEditorView.swift */ = {isa = PBXFileReference; lastKnownFileType = sourcecode.swift; path = RichTextEditorView.swift; sourceTree = "<group>"; };
		C92D21BB286F6F1D00FA586C /* CardTextModel.swift */ = {isa = PBXFileReference; lastKnownFileType = sourcecode.swift; path = CardTextModel.swift; sourceTree = "<group>"; };
		C92EEFF428752F4D00D6A81E /* RichTextEditorViewModel.swift */ = {isa = PBXFileReference; lastKnownFileType = sourcecode.swift; path = RichTextEditorViewModel.swift; sourceTree = "<group>"; };
		C92F309F2875FAD700A7AA87 /* UIUinversal.swift */ = {isa = PBXFileReference; lastKnownFileType = sourcecode.swift; path = UIUinversal.swift; sourceTree = "<group>"; };
		C92F30A12876079600A7AA87 /* CardTextView.swift */ = {isa = PBXFileReference; lastKnownFileType = sourcecode.swift; path = CardTextView.swift; sourceTree = "<group>"; };
		C92F30A428760A4700A7AA87 /* Goku.ttf */ = {isa = PBXFileReference; lastKnownFileType = file; path = Goku.ttf; sourceTree = "<group>"; };
		C92F30A728760CC000A7AA87 /* Color.swift */ = {isa = PBXFileReference; lastKnownFileType = sourcecode.swift; path = Color.swift; sourceTree = "<group>"; };
		C9339B6A28933C2F0066D6F4 /* UserData.swift */ = {isa = PBXFileReference; lastKnownFileType = sourcecode.swift; path = UserData.swift; sourceTree = "<group>"; };
		C9339B6F289346D20066D6F4 /* Home.swift */ = {isa = PBXFileReference; lastKnownFileType = sourcecode.swift; path = Home.swift; sourceTree = "<group>"; };
		C9339B712893802E0066D6F4 /* Study Remastered.entitlements */ = {isa = PBXFileReference; lastKnownFileType = text.plist.entitlements; path = "Study Remastered.entitlements"; sourceTree = "<group>"; };
		C9836E4A28A8438B00F00A98 /* RealmObjectWrapper.swift */ = {isa = PBXFileReference; lastKnownFileType = sourcecode.swift; path = RealmObjectWrapper.swift; sourceTree = "<group>"; };
		C9836E4D28A868A800F00A98 /* Study-Remastered-Info.plist */ = {isa = PBXFileReference; lastKnownFileType = text.plist; path = "Study-Remastered-Info.plist"; sourceTree = SOURCE_ROOT; };
		C9CE53E6285ACB9E0028A2FF /* RichTextEditor.swift */ = {isa = PBXFileReference; lastKnownFileType = sourcecode.swift; path = RichTextEditor.swift; sourceTree = "<group>"; };
		C9CE53E8285ACE8E0028A2FF /* UIKitTextUtilities.swift */ = {isa = PBXFileReference; lastKnownFileType = sourcecode.swift; path = UIKitTextUtilities.swift; sourceTree = "<group>"; };
		C9D209F6289B093A006BF413 /* GoogleService-Info.plist */ = {isa = PBXFileReference; fileEncoding = 4; lastKnownFileType = text.plist.xml; path = "GoogleService-Info.plist"; sourceTree = "<group>"; };
		C9D209F8289E0C6C006BF413 /* Utilities.swift */ = {isa = PBXFileReference; lastKnownFileType = sourcecode.swift; path = Utilities.swift; sourceTree = "<group>"; };
		C9D209FA289F0E87006BF413 /* Migrator.swift */ = {isa = PBXFileReference; lastKnownFileType = sourcecode.swift; path = Migrator.swift; sourceTree = "<group>"; };
		C9D209FC28A00E61006BF413 /* FileView.swift */ = {isa = PBXFileReference; lastKnownFileType = sourcecode.swift; path = FileView.swift; sourceTree = "<group>"; };
		C9D20A0228A049FF006BF413 /* File.swift */ = {isa = PBXFileReference; lastKnownFileType = sourcecode.swift; path = File.swift; sourceTree = "<group>"; };
		C9D20A0428A04A20006BF413 /* FileURL.swift */ = {isa = PBXFileReference; lastKnownFileType = sourcecode.swift; path = FileURL.swift; sourceTree = "<group>"; };
		C9D20A0628A05119006BF413 /* FileManager.swift */ = {isa = PBXFileReference; lastKnownFileType = sourcecode.swift; path = FileManager.swift; sourceTree = "<group>"; };
		C9DBC2AF2880C2D50076E5FA /* QuickSetEditor.swift */ = {isa = PBXFileReference; lastKnownFileType = sourcecode.swift; path = QuickSetEditor.swift; sourceTree = "<group>"; };
		C9DBC2B12880C7E50076E5FA /* Study Remastered Model.swift */ = {isa = PBXFileReference; lastKnownFileType = sourcecode.swift; path = "Study Remastered Model.swift"; sourceTree = "<group>"; };
		C9DBC2B42880CA0C0076E5FA /* Study Remastered View.swift */ = {isa = PBXFileReference; lastKnownFileType = sourcecode.swift; path = "Study Remastered View.swift"; sourceTree = "<group>"; };
		C9DBC2B62881D7DA0076E5FA /* FullSetEditor.swift */ = {isa = PBXFileReference; lastKnownFileType = sourcecode.swift; path = FullSetEditor.swift; sourceTree = "<group>"; };
		C9F3CDAE289873CD00DECECD /* User.swift */ = {isa = PBXFileReference; lastKnownFileType = sourcecode.swift; name = User.swift; path = "/Users/brianmasse/Developer/Xcode /Study Remastered/Study Remastered/User/User.swift"; sourceTree = "<absolute>"; };
		C9F3CDB0289873DA00DECECD /* ProfileView.swift */ = {isa = PBXFileReference; lastKnownFileType = sourcecode.swift; name = ProfileView.swift; path = "/Users/brianmasse/Developer/Xcode /Study Remastered/Study Remastered/User/ProfileView.swift"; sourceTree = "<absolute>"; };
		CB887DFF3250614B7C5AA2D8 /* Pods_Study_Remastered.framework */ = {isa = PBXFileReference; explicitFileType = wrapper.framework; includeInIndex = 0; path = Pods_Study_Remastered.framework; sourceTree = BUILT_PRODUCTS_DIR; };
/* End PBXFileReference section */

/* Begin PBXFrameworksBuildPhase section */
		C919CF9D28569F62008135C8 /* Frameworks */ = {
			isa = PBXFrameworksBuildPhase;
			buildActionMask = 2147483647;
			files = (
				F143EDFC093D42B871018AA5 /* Pods_Study_Remastered.framework in Frameworks */,
			);
			runOnlyForDeploymentPostprocessing = 0;
		};
/* End PBXFrameworksBuildPhase section */

/* Begin PBXGroup section */
		39C11B4A4A0C4A117E6C6CB9 /* Frameworks */ = {
			isa = PBXGroup;
			children = (
				CB887DFF3250614B7C5AA2D8 /* Pods_Study_Remastered.framework */,
			);
			name = Frameworks;
			sourceTree = "<group>";
		};
		C61F8B58894CC1297E2D12A5 /* Pods */ = {
			isa = PBXGroup;
			children = (
				93666559A88A8575185CBB5D /* Pods-Study Remastered.debug.xcconfig */,
				00AEBA7499C17B2F773D1C21 /* Pods-Study Remastered.release.xcconfig */,
			);
			path = Pods;
			sourceTree = "<group>";
		};
		C901A9242892BD64001EF90F /* Study Modes */ = {
			isa = PBXGroup;
			children = (
				C901A9222892BD53001EF90F /* FlashCardsModel.swift */,
				C901A9252892BD99001EF90F /* FlashCardsView.swift */,
			);
			path = "Study Modes";
			sourceTree = "<group>";
		};
		C901A9292892E95B001EF90F /* Universals */ = {
			isa = PBXGroup;
			children = (
				C92F309F2875FAD700A7AA87 /* UIUinversal.swift */,
				C9D209F8289E0C6C006BF413 /* Utilities.swift */,
				C901A9272892E949001EF90F /* Animations.swift */,
				C92F30A728760CC000A7AA87 /* Color.swift */,
			);
			path = Universals;
			sourceTree = "<group>";
		};
		C901A92A28933416001EF90F /* Authentication */ = {
			isa = PBXGroup;
			children = (
				C901A92B2893342F001EF90F /* Authenticator.swift */,
				C901A92D2893344D001EF90F /* AuthenticatorManager.swift */,
			);
			path = Authentication;
			sourceTree = "<group>";
		};
		C919CF9728569F62008135C8 = {
			isa = PBXGroup;
			children = (
				C919CFA228569F62008135C8 /* Study Remastered */,
				C919CFA128569F62008135C8 /* Products */,
				C61F8B58894CC1297E2D12A5 /* Pods */,
				39C11B4A4A0C4A117E6C6CB9 /* Frameworks */,
			);
			sourceTree = "<group>";
		};
		C919CFA128569F62008135C8 /* Products */ = {
			isa = PBXGroup;
			children = (
				C919CFA028569F62008135C8 /* Study Remastered.app */,
			);
			name = Products;
			sourceTree = "<group>";
		};
		C919CFA228569F62008135C8 /* Study Remastered */ = {
			isa = PBXGroup;
			children = (
				C9836E4D28A868A800F00A98 /* Study-Remastered-Info.plist */,
				C919CFA728569F63008135C8 /* Assets.xcassets */,
				C9339B712893802E0066D6F4 /* Study Remastered.entitlements */,
				C9D209F6289B093A006BF413 /* GoogleService-Info.plist */,
				C92F30A328760A1F00A7AA87 /* Fonts */,
				C9DBC2B32880C7EC0076E5FA /* App  */,
				C901A9292892E95B001EF90F /* Universals */,
				C9D209FF28A00EE5006BF413 /* Files */,
				C919CFC52856A85A008135C8 /* Set */,
				C9339B6E2893469A0066D6F4 /* Main */,
				C9836E4C28A843B700F00A98 /* Realm */,
				C9339B6928933C180066D6F4 /* User */,
				C919CFA928569F63008135C8 /* Preview Content */,
			);
			path = "Study Remastered";
			sourceTree = "<group>";
		};
		C919CFA928569F63008135C8 /* Preview Content */ = {
			isa = PBXGroup;
			children = (
				C919CFAA28569F63008135C8 /* Preview Assets.xcassets */,
			);
			path = "Preview Content";
			sourceTree = "<group>";
		};
		C919CFB128569F8E008135C8 /* Calculator */ = {
			isa = PBXGroup;
			children = (
				C919CFB328569FA9008135C8 /* CalculatorModel.swift */,
				C919CFB428569FA9008135C8 /* CalculatorModelExtension.swift */,
				C919CFB228569FA9008135C8 /* CalculatorView.swift */,
				C919CFB628569FAA008135C8 /* CalculatorFunctions.swift */,
				C919CFB528569FA9008135C8 /* Math Components.swift */,
			);
			path = Calculator;
			sourceTree = "<group>";
		};
		C919CFBC2856A041008135C8 /* Card */ = {
			isa = PBXGroup;
			children = (
				C92EEFF628752FEC00D6A81E /* TextEditor */,
				C919CFBD2856A079008135C8 /* CardModel.swift */,
				C92F30A12876079600A7AA87 /* CardTextView.swift */,
				C92D21BB286F6F1D00FA586C /* CardTextModel.swift */,
				C919CFBF2856A1CD008135C8 /* CardView.swift */,
			);
			path = Card;
			sourceTree = "<group>";
		};
		C919CFC52856A85A008135C8 /* Set */ = {
			isa = PBXGroup;
			children = (
				C919CFC12856A7C4008135C8 /* SetModel.swift */,
				C901A9242892BD64001EF90F /* Study Modes */,
				C9DBC2B82881D7E50076E5FA /* Set Editor */,
				C919CFC32856A847008135C8 /* SetView.swift */,
				C919CFBC2856A041008135C8 /* Card */,
			);
			path = Set;
			sourceTree = "<group>";
		};
		C92EEFF628752FEC00D6A81E /* TextEditor */ = {
			isa = PBXGroup;
			children = (
				C92EEFF72875303B00D6A81E /* RichTextEditor */,
				C9CE53E8285ACE8E0028A2FF /* UIKitTextUtilities.swift */,
				C919CFB128569F8E008135C8 /* Calculator */,
			);
			path = TextEditor;
			sourceTree = "<group>";
		};
		C92EEFF72875303B00D6A81E /* RichTextEditor */ = {
			isa = PBXGroup;
			children = (
				C92D21B9286E95FF00FA586C /* RichTextEditorView.swift */,
				C9CE53E6285ACB9E0028A2FF /* RichTextEditor.swift */,
				C92EEFF428752F4D00D6A81E /* RichTextEditorViewModel.swift */,
			);
			path = RichTextEditor;
			sourceTree = "<group>";
		};
		C92F30A328760A1F00A7AA87 /* Fonts */ = {
			isa = PBXGroup;
			children = (
				C92F30A428760A4700A7AA87 /* Goku.ttf */,
			);
			path = Fonts;
			sourceTree = "<group>";
		};
		C9339B6928933C180066D6F4 /* User */ = {
			isa = PBXGroup;
			children = (
				C9F3CDAE289873CD00DECECD /* User.swift */,
				C9339B6A28933C2F0066D6F4 /* UserData.swift */,
				C901A92A28933416001EF90F /* Authentication */,
			);
			path = User;
			sourceTree = "<group>";
		};
		C9339B6E2893469A0066D6F4 /* Main */ = {
			isa = PBXGroup;
			children = (
				C9339B6F289346D20066D6F4 /* Home.swift */,
				C9F3CDB0289873DA00DECECD /* ProfileView.swift */,
			);
			path = Main;
			sourceTree = "<group>";
		};
		C9836E4C28A843B700F00A98 /* Realm */ = {
			isa = PBXGroup;
			children = (
				C9836E4A28A8438B00F00A98 /* RealmObjectWrapper.swift */,
				C901A93128933480001EF90F /* RealmManager.swift */,
				C9D209FA289F0E87006BF413 /* Migrator.swift */,
			);
			path = Realm;
			sourceTree = "<group>";
		};
		C9D209FF28A00EE5006BF413 /* Files */ = {
			isa = PBXGroup;
			children = (
				C9D20A0228A049FF006BF413 /* File.swift */,
				C9D209FC28A00E61006BF413 /* FileView.swift */,
				C9D20A0428A04A20006BF413 /* FileURL.swift */,
				C9D20A0628A05119006BF413 /* FileManager.swift */,
			);
			path = Files;
			sourceTree = "<group>";
		};
		C9DBC2B32880C7EC0076E5FA /* App  */ = {
			isa = PBXGroup;
			children = (
				C919CFA528569F62008135C8 /* ContentView.swift */,
				C9DBC2B42880CA0C0076E5FA /* Study Remastered View.swift */,
				C919CFA328569F62008135C8 /* Study_RemasteredApp.swift */,
				C9DBC2B12880C7E50076E5FA /* Study Remastered Model.swift */,
			);
			path = "App ";
			sourceTree = "<group>";
		};
		C9DBC2B82881D7E50076E5FA /* Set Editor */ = {
			isa = PBXGroup;
			children = (
				C901A92028922B0C001EF90F /* SetEditor.swift */,
				C9DBC2B62881D7DA0076E5FA /* FullSetEditor.swift */,
				C9DBC2AF2880C2D50076E5FA /* QuickSetEditor.swift */,
			);
			path = "Set Editor";
			sourceTree = "<group>";
		};
/* End PBXGroup section */

/* Begin PBXNativeTarget section */
		C919CF9F28569F62008135C8 /* Study Remastered */ = {
			isa = PBXNativeTarget;
			buildConfigurationList = C919CFAE28569F63008135C8 /* Build configuration list for PBXNativeTarget "Study Remastered" */;
			buildPhases = (
				6F8CCF6B9BFEF512CBAA704C /* [CP] Check Pods Manifest.lock */,
				C919CF9C28569F62008135C8 /* Sources */,
				C919CF9D28569F62008135C8 /* Frameworks */,
				C919CF9E28569F62008135C8 /* Resources */,
				55F6FB5277FA9984FBBBF0E6 /* [CP] Embed Pods Frameworks */,
			);
			buildRules = (
			);
			dependencies = (
			);
			name = "Study Remastered";
			productName = "Study Remastered";
			productReference = C919CFA028569F62008135C8 /* Study Remastered.app */;
			productType = "com.apple.product-type.application";
		};
/* End PBXNativeTarget section */

/* Begin PBXProject section */
		C919CF9828569F62008135C8 /* Project object */ = {
			isa = PBXProject;
			attributes = {
				BuildIndependentTargetsInParallel = 1;
				LastSwiftUpdateCheck = 1400;
				LastUpgradeCheck = 1400;
				TargetAttributes = {
					C919CF9F28569F62008135C8 = {
						CreatedOnToolsVersion = 14.0;
					};
				};
			};
			buildConfigurationList = C919CF9B28569F62008135C8 /* Build configuration list for PBXProject "Study Remastered" */;
			compatibilityVersion = "Xcode 13.0";
			developmentRegion = en;
			hasScannedForEncodings = 0;
			knownRegions = (
				en,
				Base,
			);
			mainGroup = C919CF9728569F62008135C8;
			productRefGroup = C919CFA128569F62008135C8 /* Products */;
			projectDirPath = "";
			projectRoot = "";
			targets = (
				C919CF9F28569F62008135C8 /* Study Remastered */,
			);
		};
/* End PBXProject section */

/* Begin PBXResourcesBuildPhase section */
		C919CF9E28569F62008135C8 /* Resources */ = {
			isa = PBXResourcesBuildPhase;
			buildActionMask = 2147483647;
			files = (
				C9D209F7289B093A006BF413 /* GoogleService-Info.plist in Resources */,
				C919CFAB28569F63008135C8 /* Preview Assets.xcassets in Resources */,
				C9836E4E28A8690900F00A98 /* Goku.ttf in Resources */,
				C919CFA828569F63008135C8 /* Assets.xcassets in Resources */,
			);
			runOnlyForDeploymentPostprocessing = 0;
		};
/* End PBXResourcesBuildPhase section */

/* Begin PBXShellScriptBuildPhase section */
		55F6FB5277FA9984FBBBF0E6 /* [CP] Embed Pods Frameworks */ = {
			isa = PBXShellScriptBuildPhase;
			buildActionMask = 2147483647;
			files = (
			);
			inputFileListPaths = (
				"${PODS_ROOT}/Target Support Files/Pods-Study Remastered/Pods-Study Remastered-frameworks-${CONFIGURATION}-input-files.xcfilelist",
			);
			name = "[CP] Embed Pods Frameworks";
			outputFileListPaths = (
				"${PODS_ROOT}/Target Support Files/Pods-Study Remastered/Pods-Study Remastered-frameworks-${CONFIGURATION}-output-files.xcfilelist",
			);
			runOnlyForDeploymentPostprocessing = 0;
			shellPath = /bin/sh;
			shellScript = "\"${PODS_ROOT}/Target Support Files/Pods-Study Remastered/Pods-Study Remastered-frameworks.sh\"\n";
			showEnvVarsInLog = 0;
		};
		6F8CCF6B9BFEF512CBAA704C /* [CP] Check Pods Manifest.lock */ = {
			isa = PBXShellScriptBuildPhase;
			buildActionMask = 2147483647;
			files = (
			);
			inputFileListPaths = (
			);
			inputPaths = (
				"${PODS_PODFILE_DIR_PATH}/Podfile.lock",
				"${PODS_ROOT}/Manifest.lock",
			);
			name = "[CP] Check Pods Manifest.lock";
			outputFileListPaths = (
			);
			outputPaths = (
				"$(DERIVED_FILE_DIR)/Pods-Study Remastered-checkManifestLockResult.txt",
			);
			runOnlyForDeploymentPostprocessing = 0;
			shellPath = /bin/sh;
			shellScript = "diff \"${PODS_PODFILE_DIR_PATH}/Podfile.lock\" \"${PODS_ROOT}/Manifest.lock\" > /dev/null\nif [ $? != 0 ] ; then\n    # print error to STDERR\n    echo \"error: The sandbox is not in sync with the Podfile.lock. Run 'pod install' or update your CocoaPods installation.\" >&2\n    exit 1\nfi\n# This output is used by Xcode 'outputs' to avoid re-running this script phase.\necho \"SUCCESS\" > \"${SCRIPT_OUTPUT_FILE_0}\"\n";
			showEnvVarsInLog = 0;
		};
/* End PBXShellScriptBuildPhase section */

/* Begin PBXSourcesBuildPhase section */
		C919CF9C28569F62008135C8 /* Sources */ = {
			isa = PBXSourcesBuildPhase;
			buildActionMask = 2147483647;
			files = (
				C919CFA628569F62008135C8 /* ContentView.swift in Sources */,
				C901A92C2893342F001EF90F /* Authenticator.swift in Sources */,
				C9D209FB289F0E87006BF413 /* Migrator.swift in Sources */,
				C9339B6B28933C300066D6F4 /* UserData.swift in Sources */,
				C9D20A0528A04A20006BF413 /* FileURL.swift in Sources */,
				C919CFC02856A1CD008135C8 /* CardView.swift in Sources */,
				C92D21BC286F6F1D00FA586C /* CardTextModel.swift in Sources */,
				C901A93228933480001EF90F /* RealmManager.swift in Sources */,
				C9836E4B28A8438B00F00A98 /* RealmObjectWrapper.swift in Sources */,
				C9DBC2B02880C2D50076E5FA /* QuickSetEditor.swift in Sources */,
				C92F30A22876079600A7AA87 /* CardTextView.swift in Sources */,
				C9CE53E9285ACE8E0028A2FF /* UIKitTextUtilities.swift in Sources */,
				C919CFB728569FAA008135C8 /* CalculatorView.swift in Sources */,
				C901A92E2893344D001EF90F /* AuthenticatorManager.swift in Sources */,
				C9F3CDB1289873DA00DECECD /* ProfileView.swift in Sources */,
				C919CFBB28569FAA008135C8 /* CalculatorFunctions.swift in Sources */,
				C9D20A0728A05119006BF413 /* FileManager.swift in Sources */,
				C9F3CDAF289873CD00DECECD /* User.swift in Sources */,
				C9DBC2B52880CA0C0076E5FA /* Study Remastered View.swift in Sources */,
				C92EEFF528752F4D00D6A81E /* RichTextEditorViewModel.swift in Sources */,
				C9D20A0328A049FF006BF413 /* File.swift in Sources */,
				C919CFA428569F62008135C8 /* Study_RemasteredApp.swift in Sources */,
				C92F30A02875FAD700A7AA87 /* UIUinversal.swift in Sources */,
				C92D21BA286E960000FA586C /* RichTextEditorView.swift in Sources */,
				C901A9232892BD53001EF90F /* FlashCardsModel.swift in Sources */,
				C901A9282892E949001EF90F /* Animations.swift in Sources */,
				C901A92128922B0C001EF90F /* SetEditor.swift in Sources */,
				C901A9262892BD99001EF90F /* FlashCardsView.swift in Sources */,
				C9D209F9289E0C6C006BF413 /* Utilities.swift in Sources */,
				C9DBC2B22880C7E50076E5FA /* Study Remastered Model.swift in Sources */,
				C92F30A828760CC000A7AA87 /* Color.swift in Sources */,
				C919CFB828569FAA008135C8 /* CalculatorModel.swift in Sources */,
				C9339B70289346D20066D6F4 /* Home.swift in Sources */,
				C919CFBE2856A079008135C8 /* CardModel.swift in Sources */,
				C9DBC2B72881D7DB0076E5FA /* FullSetEditor.swift in Sources */,
				C919CFBA28569FAA008135C8 /* Math Components.swift in Sources */,
				C9D209FD28A00E61006BF413 /* FileView.swift in Sources */,
				C919CFC42856A847008135C8 /* SetView.swift in Sources */,
				C9CE53E7285ACB9E0028A2FF /* RichTextEditor.swift in Sources */,
				C919CFB928569FAA008135C8 /* CalculatorModelExtension.swift in Sources */,
				C919CFC22856A7C4008135C8 /* SetModel.swift in Sources */,
			);
			runOnlyForDeploymentPostprocessing = 0;
		};
/* End PBXSourcesBuildPhase section */

/* Begin XCBuildConfiguration section */
		C919CFAC28569F63008135C8 /* Debug */ = {
			isa = XCBuildConfiguration;
			buildSettings = {
				ALWAYS_SEARCH_USER_PATHS = NO;
				CLANG_ANALYZER_NONNULL = YES;
				CLANG_ANALYZER_NUMBER_OBJECT_CONVERSION = YES_AGGRESSIVE;
				CLANG_CXX_LANGUAGE_STANDARD = "gnu++17";
				CLANG_ENABLE_MODULES = YES;
				CLANG_ENABLE_OBJC_ARC = YES;
				CLANG_ENABLE_OBJC_WEAK = YES;
				CLANG_WARN_BLOCK_CAPTURE_AUTORELEASING = YES;
				CLANG_WARN_BOOL_CONVERSION = YES;
				CLANG_WARN_COMMA = YES;
				CLANG_WARN_CONSTANT_CONVERSION = YES;
				CLANG_WARN_DEPRECATED_OBJC_IMPLEMENTATIONS = YES;
				CLANG_WARN_DIRECT_OBJC_ISA_USAGE = YES_ERROR;
				CLANG_WARN_DOCUMENTATION_COMMENTS = YES;
				CLANG_WARN_EMPTY_BODY = YES;
				CLANG_WARN_ENUM_CONVERSION = YES;
				CLANG_WARN_INFINITE_RECURSION = YES;
				CLANG_WARN_INT_CONVERSION = YES;
				CLANG_WARN_NON_LITERAL_NULL_CONVERSION = YES;
				CLANG_WARN_OBJC_IMPLICIT_RETAIN_SELF = YES;
				CLANG_WARN_OBJC_LITERAL_CONVERSION = YES;
				CLANG_WARN_OBJC_ROOT_CLASS = YES_ERROR;
				CLANG_WARN_QUOTED_INCLUDE_IN_FRAMEWORK_HEADER = YES;
				CLANG_WARN_RANGE_LOOP_ANALYSIS = YES;
				CLANG_WARN_STRICT_PROTOTYPES = YES;
				CLANG_WARN_SUSPICIOUS_MOVE = YES;
				CLANG_WARN_UNGUARDED_AVAILABILITY = YES_AGGRESSIVE;
				CLANG_WARN_UNREACHABLE_CODE = YES;
				CLANG_WARN__DUPLICATE_METHOD_MATCH = YES;
				COPY_PHASE_STRIP = NO;
				DEBUG_INFORMATION_FORMAT = dwarf;
				ENABLE_STRICT_OBJC_MSGSEND = YES;
				ENABLE_TESTABILITY = YES;
				GCC_C_LANGUAGE_STANDARD = gnu11;
				GCC_DYNAMIC_NO_PIC = NO;
				GCC_NO_COMMON_BLOCKS = YES;
				GCC_OPTIMIZATION_LEVEL = 0;
				GCC_PREPROCESSOR_DEFINITIONS = (
					"DEBUG=1",
					"$(inherited)",
				);
				GCC_WARN_64_TO_32_BIT_CONVERSION = YES;
				GCC_WARN_ABOUT_RETURN_TYPE = YES_ERROR;
				GCC_WARN_UNDECLARED_SELECTOR = YES;
				GCC_WARN_UNINITIALIZED_AUTOS = YES_AGGRESSIVE;
				GCC_WARN_UNUSED_FUNCTION = YES;
				GCC_WARN_UNUSED_VARIABLE = YES;
				INFOPLIST_FILE = "/Users/brianmasse/Developer/Xcode /Study Remastered/Study Remastered/Universals/Study-Remastered-Info.plist";
				IPHONEOS_DEPLOYMENT_TARGET = 15.0;
				MTL_ENABLE_DEBUG_INFO = INCLUDE_SOURCE;
				MTL_FAST_MATH = YES;
				ONLY_ACTIVE_ARCH = YES;
				SDKROOT = iphoneos;
				SWIFT_ACTIVE_COMPILATION_CONDITIONS = DEBUG;
				SWIFT_OPTIMIZATION_LEVEL = "-Onone";
			};
			name = Debug;
		};
		C919CFAD28569F63008135C8 /* Release */ = {
			isa = XCBuildConfiguration;
			buildSettings = {
				ALWAYS_SEARCH_USER_PATHS = NO;
				CLANG_ANALYZER_NONNULL = YES;
				CLANG_ANALYZER_NUMBER_OBJECT_CONVERSION = YES_AGGRESSIVE;
				CLANG_CXX_LANGUAGE_STANDARD = "gnu++17";
				CLANG_ENABLE_MODULES = YES;
				CLANG_ENABLE_OBJC_ARC = YES;
				CLANG_ENABLE_OBJC_WEAK = YES;
				CLANG_WARN_BLOCK_CAPTURE_AUTORELEASING = YES;
				CLANG_WARN_BOOL_CONVERSION = YES;
				CLANG_WARN_COMMA = YES;
				CLANG_WARN_CONSTANT_CONVERSION = YES;
				CLANG_WARN_DEPRECATED_OBJC_IMPLEMENTATIONS = YES;
				CLANG_WARN_DIRECT_OBJC_ISA_USAGE = YES_ERROR;
				CLANG_WARN_DOCUMENTATION_COMMENTS = YES;
				CLANG_WARN_EMPTY_BODY = YES;
				CLANG_WARN_ENUM_CONVERSION = YES;
				CLANG_WARN_INFINITE_RECURSION = YES;
				CLANG_WARN_INT_CONVERSION = YES;
				CLANG_WARN_NON_LITERAL_NULL_CONVERSION = YES;
				CLANG_WARN_OBJC_IMPLICIT_RETAIN_SELF = YES;
				CLANG_WARN_OBJC_LITERAL_CONVERSION = YES;
				CLANG_WARN_OBJC_ROOT_CLASS = YES_ERROR;
				CLANG_WARN_QUOTED_INCLUDE_IN_FRAMEWORK_HEADER = YES;
				CLANG_WARN_RANGE_LOOP_ANALYSIS = YES;
				CLANG_WARN_STRICT_PROTOTYPES = YES;
				CLANG_WARN_SUSPICIOUS_MOVE = YES;
				CLANG_WARN_UNGUARDED_AVAILABILITY = YES_AGGRESSIVE;
				CLANG_WARN_UNREACHABLE_CODE = YES;
				CLANG_WARN__DUPLICATE_METHOD_MATCH = YES;
				COPY_PHASE_STRIP = NO;
				DEBUG_INFORMATION_FORMAT = "dwarf-with-dsym";
				ENABLE_NS_ASSERTIONS = NO;
				ENABLE_STRICT_OBJC_MSGSEND = YES;
				GCC_C_LANGUAGE_STANDARD = gnu11;
				GCC_NO_COMMON_BLOCKS = YES;
				GCC_WARN_64_TO_32_BIT_CONVERSION = YES;
				GCC_WARN_ABOUT_RETURN_TYPE = YES_ERROR;
				GCC_WARN_UNDECLARED_SELECTOR = YES;
				GCC_WARN_UNINITIALIZED_AUTOS = YES_AGGRESSIVE;
				GCC_WARN_UNUSED_FUNCTION = YES;
				GCC_WARN_UNUSED_VARIABLE = YES;
				INFOPLIST_FILE = "/Users/brianmasse/Developer/Xcode /Study Remastered/Study Remastered/Universals/Study-Remastered-Info.plist";
				IPHONEOS_DEPLOYMENT_TARGET = 15.0;
				MTL_ENABLE_DEBUG_INFO = NO;
				MTL_FAST_MATH = YES;
				SDKROOT = iphoneos;
				SWIFT_COMPILATION_MODE = wholemodule;
				SWIFT_OPTIMIZATION_LEVEL = "-O";
				VALIDATE_PRODUCT = YES;
			};
			name = Release;
		};
		C919CFAF28569F63008135C8 /* Debug */ = {
			isa = XCBuildConfiguration;
			baseConfigurationReference = 93666559A88A8575185CBB5D /* Pods-Study Remastered.debug.xcconfig */;
			buildSettings = {
				ASSETCATALOG_COMPILER_APPICON_NAME = AppIcon;
				ASSETCATALOG_COMPILER_GLOBAL_ACCENT_COLOR_NAME = AccentColor;
				CODE_SIGN_ENTITLEMENTS = "Study Remastered/Study Remastered.entitlements";
				"CODE_SIGN_IDENTITY[sdk=macosx*]" = "Apple Development";
				CODE_SIGN_STYLE = Automatic;
				CURRENT_PROJECT_VERSION = 1;
				DEVELOPMENT_ASSET_PATHS = "\"Study Remastered/Preview Content\"";
				DEVELOPMENT_TEAM = LN4JU8GNV7;
				ENABLE_PREVIEWS = YES;
				GENERATE_INFOPLIST_FILE = YES;
				INFOPLIST_FILE = "Study-Remastered-Info.plist";
				INFOPLIST_KEY_UIApplicationSceneManifest_Generation = YES;
				INFOPLIST_KEY_UIApplicationSupportsIndirectInputEvents = YES;
				INFOPLIST_KEY_UILaunchScreen_Generation = YES;
				INFOPLIST_KEY_UISupportedInterfaceOrientations_iPad = "UIInterfaceOrientationPortrait UIInterfaceOrientationPortraitUpsideDown UIInterfaceOrientationLandscapeLeft UIInterfaceOrientationLandscapeRight";
				INFOPLIST_KEY_UISupportedInterfaceOrientations_iPhone = "UIInterfaceOrientationPortrait UIInterfaceOrientationLandscapeLeft UIInterfaceOrientationLandscapeRight";
				IPHONEOS_DEPLOYMENT_TARGET = 15.0;
				"IPHONEOS_DEPLOYMENT_TARGET[sdk=macosx*]" = 13.1;
				LD_RUNPATH_SEARCH_PATHS = (
					"$(inherited)",
					"@executable_path/Frameworks",
				);
				MARKETING_VERSION = 1.0;
				PRODUCT_BUNDLE_IDENTIFIER = "Brian-Masse.Study---Remastered";
				PRODUCT_NAME = "$(TARGET_NAME)";
				SUPPORTS_MACCATALYST = YES;
				SWIFT_EMIT_LOC_STRINGS = YES;
				SWIFT_VERSION = 5.0;
				TARGETED_DEVICE_FAMILY = "1,2";
			};
			name = Debug;
		};
		C919CFB028569F63008135C8 /* Release */ = {
			isa = XCBuildConfiguration;
			baseConfigurationReference = 00AEBA7499C17B2F773D1C21 /* Pods-Study Remastered.release.xcconfig */;
			buildSettings = {
				ASSETCATALOG_COMPILER_APPICON_NAME = AppIcon;
				ASSETCATALOG_COMPILER_GLOBAL_ACCENT_COLOR_NAME = AccentColor;
				CODE_SIGN_ENTITLEMENTS = "Study Remastered/Study Remastered.entitlements";
				"CODE_SIGN_IDENTITY[sdk=macosx*]" = "Apple Development";
				CODE_SIGN_STYLE = Automatic;
				CURRENT_PROJECT_VERSION = 1;
				DEVELOPMENT_ASSET_PATHS = "\"Study Remastered/Preview Content\"";
				DEVELOPMENT_TEAM = LN4JU8GNV7;
				ENABLE_PREVIEWS = YES;
				GENERATE_INFOPLIST_FILE = YES;
				INFOPLIST_FILE = "Study-Remastered-Info.plist";
				INFOPLIST_KEY_UIApplicationSceneManifest_Generation = YES;
				INFOPLIST_KEY_UIApplicationSupportsIndirectInputEvents = YES;
				INFOPLIST_KEY_UILaunchScreen_Generation = YES;
				INFOPLIST_KEY_UISupportedInterfaceOrientations_iPad = "UIInterfaceOrientationPortrait UIInterfaceOrientationPortraitUpsideDown UIInterfaceOrientationLandscapeLeft UIInterfaceOrientationLandscapeRight";
				INFOPLIST_KEY_UISupportedInterfaceOrientations_iPhone = "UIInterfaceOrientationPortrait UIInterfaceOrientationLandscapeLeft UIInterfaceOrientationLandscapeRight";
				IPHONEOS_DEPLOYMENT_TARGET = 15.0;
				"IPHONEOS_DEPLOYMENT_TARGET[sdk=macosx*]" = 13.1;
				LD_RUNPATH_SEARCH_PATHS = (
					"$(inherited)",
					"@executable_path/Frameworks",
				);
				MARKETING_VERSION = 1.0;
				PRODUCT_BUNDLE_IDENTIFIER = "Brian-Masse.Study---Remastered";
				PRODUCT_NAME = "$(TARGET_NAME)";
				SUPPORTS_MACCATALYST = YES;
				SWIFT_EMIT_LOC_STRINGS = YES;
				SWIFT_VERSION = 5.0;
				TARGETED_DEVICE_FAMILY = "1,2";
			};
			name = Release;
		};
/* End XCBuildConfiguration section */

/* Begin XCConfigurationList section */
		C919CF9B28569F62008135C8 /* Build configuration list for PBXProject "Study Remastered" */ = {
			isa = XCConfigurationList;
			buildConfigurations = (
				C919CFAC28569F63008135C8 /* Debug */,
				C919CFAD28569F63008135C8 /* Release */,
			);
			defaultConfigurationIsVisible = 0;
			defaultConfigurationName = Release;
		};
		C919CFAE28569F63008135C8 /* Build configuration list for PBXNativeTarget "Study Remastered" */ = {
			isa = XCConfigurationList;
			buildConfigurations = (
				C919CFAF28569F63008135C8 /* Debug */,
				C919CFB028569F63008135C8 /* Release */,
			);
			defaultConfigurationIsVisible = 0;
			defaultConfigurationName = Release;
		};
/* End XCConfigurationList section */
	};
	rootObject = C919CF9828569F62008135C8 /* Project object */;
}
